// !$*UTF8*$!
{
	archiveVersion = 1;
	classes = {
	};
	objectVersion = 56;
	objects = {

/* Begin PBXBuildFile section */
		4038D5A02B28BE7E00AA9977 /* MAD9112_Final_ProjectApp.swift in Sources */ = {isa = PBXBuildFile; fileRef = 4038D59F2B28BE7E00AA9977 /* MAD9112_Final_ProjectApp.swift */; };
		4038D5A22B28BE7E00AA9977 /* ContentView.swift in Sources */ = {isa = PBXBuildFile; fileRef = 4038D5A12B28BE7E00AA9977 /* ContentView.swift */; };
		4038D5A42B28BE7F00AA9977 /* Assets.xcassets in Resources */ = {isa = PBXBuildFile; fileRef = 4038D5A32B28BE7F00AA9977 /* Assets.xcassets */; };
		4038D5A72B28BE7F00AA9977 /* Preview Assets.xcassets in Resources */ = {isa = PBXBuildFile; fileRef = 4038D5A62B28BE7F00AA9977 /* Preview Assets.xcassets */; };
		4038D5B12B28BE7F00AA9977 /* MAD9112_Final_ProjectTests.swift in Sources */ = {isa = PBXBuildFile; fileRef = 4038D5B02B28BE7F00AA9977 /* MAD9112_Final_ProjectTests.swift */; };
		4038D5BB2B28BE7F00AA9977 /* MAD9112_Final_ProjectUITests.swift in Sources */ = {isa = PBXBuildFile; fileRef = 4038D5BA2B28BE7F00AA9977 /* MAD9112_Final_ProjectUITests.swift */; };
		4038D5BD2B28BE7F00AA9977 /* MAD9112_Final_ProjectUITestsLaunchTests.swift in Sources */ = {isa = PBXBuildFile; fileRef = 4038D5BC2B28BE7F00AA9977 /* MAD9112_Final_ProjectUITestsLaunchTests.swift */; };
/* End PBXBuildFile section */

/* Begin PBXContainerItemProxy section */
		4038D5AD2B28BE7F00AA9977 /* PBXContainerItemProxy */ = {
			isa = PBXContainerItemProxy;
			containerPortal = 4038D5942B28BE7E00AA9977 /* Project object */;
			proxyType = 1;
			remoteGlobalIDString = 4038D59B2B28BE7E00AA9977;
			remoteInfo = "MAD9112 Final Project";
		};
		4038D5B72B28BE7F00AA9977 /* PBXContainerItemProxy */ = {
			isa = PBXContainerItemProxy;
			containerPortal = 4038D5942B28BE7E00AA9977 /* Project object */;
			proxyType = 1;
			remoteGlobalIDString = 4038D59B2B28BE7E00AA9977;
			remoteInfo = "MAD9112 Final Project";
		};
/* End PBXContainerItemProxy section */

/* Begin PBXFileReference section */
		4038D59C2B28BE7E00AA9977 /* MAD9112 Final Project.app */ = {isa = PBXFileReference; explicitFileType = wrapper.application; includeInIndex = 0; path = "MAD9112 Final Project.app"; sourceTree = BUILT_PRODUCTS_DIR; };
		4038D59F2B28BE7E00AA9977 /* MAD9112_Final_ProjectApp.swift */ = {isa = PBXFileReference; lastKnownFileType = sourcecode.swift; path = MAD9112_Final_ProjectApp.swift; sourceTree = "<group>"; };
		4038D5A12B28BE7E00AA9977 /* ContentView.swift */ = {isa = PBXFileReference; lastKnownFileType = sourcecode.swift; path = ContentView.swift; sourceTree = "<group>"; };
		4038D5A32B28BE7F00AA9977 /* Assets.xcassets */ = {isa = PBXFileReference; lastKnownFileType = folder.assetcatalog; path = Assets.xcassets; sourceTree = "<group>"; };
		4038D5A62B28BE7F00AA9977 /* Preview Assets.xcassets */ = {isa = PBXFileReference; lastKnownFileType = folder.assetcatalog; path = "Preview Assets.xcassets"; sourceTree = "<group>"; };
		4038D5AC2B28BE7F00AA9977 /* MAD9112 Final ProjectTests.xctest */ = {isa = PBXFileReference; explicitFileType = wrapper.cfbundle; includeInIndex = 0; path = "MAD9112 Final ProjectTests.xctest"; sourceTree = BUILT_PRODUCTS_DIR; };
		4038D5B02B28BE7F00AA9977 /* MAD9112_Final_ProjectTests.swift */ = {isa = PBXFileReference; lastKnownFileType = sourcecode.swift; path = MAD9112_Final_ProjectTests.swift; sourceTree = "<group>"; };
		4038D5B62B28BE7F00AA9977 /* MAD9112 Final ProjectUITests.xctest */ = {isa = PBXFileReference; explicitFileType = wrapper.cfbundle; includeInIndex = 0; path = "MAD9112 Final ProjectUITests.xctest"; sourceTree = BUILT_PRODUCTS_DIR; };
		4038D5BA2B28BE7F00AA9977 /* MAD9112_Final_ProjectUITests.swift */ = {isa = PBXFileReference; lastKnownFileType = sourcecode.swift; path = MAD9112_Final_ProjectUITests.swift; sourceTree = "<group>"; };
		4038D5BC2B28BE7F00AA9977 /* MAD9112_Final_ProjectUITestsLaunchTests.swift */ = {isa = PBXFileReference; lastKnownFileType = sourcecode.swift; path = MAD9112_Final_ProjectUITestsLaunchTests.swift; sourceTree = "<group>"; };
/* End PBXFileReference section */

/* Begin PBXFrameworksBuildPhase section */
		4038D5992B28BE7E00AA9977 /* Frameworks */ = {
			isa = PBXFrameworksBuildPhase;
			buildActionMask = 2147483647;
			files = (
			);
			runOnlyForDeploymentPostprocessing = 0;
		};
		4038D5A92B28BE7F00AA9977 /* Frameworks */ = {
			isa = PBXFrameworksBuildPhase;
			buildActionMask = 2147483647;
			files = (
			);
			runOnlyForDeploymentPostprocessing = 0;
		};
		4038D5B32B28BE7F00AA9977 /* Frameworks */ = {
			isa = PBXFrameworksBuildPhase;
			buildActionMask = 2147483647;
			files = (
			);
			runOnlyForDeploymentPostprocessing = 0;
		};
/* End PBXFrameworksBuildPhase section */

/* Begin PBXGroup section */
		4038D5932B28BE7E00AA9977 = {
			isa = PBXGroup;
			children = (
				4038D59E2B28BE7E00AA9977 /* MAD9112 Final Project */,
				4038D5AF2B28BE7F00AA9977 /* MAD9112 Final ProjectTests */,
				4038D5B92B28BE7F00AA9977 /* MAD9112 Final ProjectUITests */,
				4038D59D2B28BE7E00AA9977 /* Products */,
			);
			sourceTree = "<group>";
		};
		4038D59D2B28BE7E00AA9977 /* Products */ = {
			isa = PBXGroup;
			children = (
				4038D59C2B28BE7E00AA9977 /* MAD9112 Final Project.app */,
				4038D5AC2B28BE7F00AA9977 /* MAD9112 Final ProjectTests.xctest */,
				4038D5B62B28BE7F00AA9977 /* MAD9112 Final ProjectUITests.xctest */,
			);
			name = Products;
			sourceTree = "<group>";
		};
		4038D59E2B28BE7E00AA9977 /* MAD9112 Final Project */ = {
			isa = PBXGroup;
			children = (
				4038D59F2B28BE7E00AA9977 /* MAD9112_Final_ProjectApp.swift */,
				4038D5A12B28BE7E00AA9977 /* ContentView.swift */,
				4038D5A32B28BE7F00AA9977 /* Assets.xcassets */,
				4038D5A52B28BE7F00AA9977 /* Preview Content */,
			);
			path = "MAD9112 Final Project";
			sourceTree = "<group>";
		};
		4038D5A52B28BE7F00AA9977 /* Preview Content */ = {
			isa = PBXGroup;
			children = (
				4038D5A62B28BE7F00AA9977 /* Preview Assets.xcassets */,
			);
			path = "Preview Content";
			sourceTree = "<group>";
		};
		4038D5AF2B28BE7F00AA9977 /* MAD9112 Final ProjectTests */ = {
			isa = PBXGroup;
			children = (
				4038D5B02B28BE7F00AA9977 /* MAD9112_Final_ProjectTests.swift */,
			);
			path = "MAD9112 Final ProjectTests";
			sourceTree = "<group>";
		};
		4038D5B92B28BE7F00AA9977 /* MAD9112 Final ProjectUITests */ = {
			isa = PBXGroup;
			children = (
				4038D5BA2B28BE7F00AA9977 /* MAD9112_Final_ProjectUITests.swift */,
				4038D5BC2B28BE7F00AA9977 /* MAD9112_Final_ProjectUITestsLaunchTests.swift */,
			);
			path = "MAD9112 Final ProjectUITests";
			sourceTree = "<group>";
		};
/* End PBXGroup section */

/* Begin PBXNativeTarget section */
		4038D59B2B28BE7E00AA9977 /* MAD9112 Final Project */ = {
			isa = PBXNativeTarget;
			buildConfigurationList = 4038D5C02B28BE7F00AA9977 /* Build configuration list for PBXNativeTarget "MAD9112 Final Project" */;
			buildPhases = (
				4038D5982B28BE7E00AA9977 /* Sources */,
				4038D5992B28BE7E00AA9977 /* Frameworks */,
				4038D59A2B28BE7E00AA9977 /* Resources */,
			);
			buildRules = (
			);
			dependencies = (
			);
			name = "MAD9112 Final Project";
			productName = "MAD9112 Final Project";
			productReference = 4038D59C2B28BE7E00AA9977 /* MAD9112 Final Project.app */;
			productType = "com.apple.product-type.application";
		};
		4038D5AB2B28BE7F00AA9977 /* MAD9112 Final ProjectTests */ = {
			isa = PBXNativeTarget;
			buildConfigurationList = 4038D5C32B28BE7F00AA9977 /* Build configuration list for PBXNativeTarget "MAD9112 Final ProjectTests" */;
			buildPhases = (
				4038D5A82B28BE7F00AA9977 /* Sources */,
				4038D5A92B28BE7F00AA9977 /* Frameworks */,
				4038D5AA2B28BE7F00AA9977 /* Resources */,
			);
			buildRules = (
			);
			dependencies = (
				4038D5AE2B28BE7F00AA9977 /* PBXTargetDependency */,
			);
			name = "MAD9112 Final ProjectTests";
			productName = "MAD9112 Final ProjectTests";
			productReference = 4038D5AC2B28BE7F00AA9977 /* MAD9112 Final ProjectTests.xctest */;
			productType = "com.apple.product-type.bundle.unit-test";
		};
		4038D5B52B28BE7F00AA9977 /* MAD9112 Final ProjectUITests */ = {
			isa = PBXNativeTarget;
			buildConfigurationList = 4038D5C62B28BE7F00AA9977 /* Build configuration list for PBXNativeTarget "MAD9112 Final ProjectUITests" */;
			buildPhases = (
				4038D5B22B28BE7F00AA9977 /* Sources */,
				4038D5B32B28BE7F00AA9977 /* Frameworks */,
				4038D5B42B28BE7F00AA9977 /* Resources */,
			);
			buildRules = (
			);
			dependencies = (
				4038D5B82B28BE7F00AA9977 /* PBXTargetDependency */,
			);
			name = "MAD9112 Final ProjectUITests";
			productName = "MAD9112 Final ProjectUITests";
			productReference = 4038D5B62B28BE7F00AA9977 /* MAD9112 Final ProjectUITests.xctest */;
			productType = "com.apple.product-type.bundle.ui-testing";
		};
/* End PBXNativeTarget section */

/* Begin PBXProject section */
		4038D5942B28BE7E00AA9977 /* Project object */ = {
			isa = PBXProject;
			attributes = {
				BuildIndependentTargetsInParallel = 1;
				LastSwiftUpdateCheck = 1500;
				LastUpgradeCheck = 1500;
				TargetAttributes = {
					4038D59B2B28BE7E00AA9977 = {
						CreatedOnToolsVersion = 15.0.1;
					};
					4038D5AB2B28BE7F00AA9977 = {
						CreatedOnToolsVersion = 15.0.1;
						TestTargetID = 4038D59B2B28BE7E00AA9977;
					};
					4038D5B52B28BE7F00AA9977 = {
						CreatedOnToolsVersion = 15.0.1;
						TestTargetID = 4038D59B2B28BE7E00AA9977;
					};
				};
			};
			buildConfigurationList = 4038D5972B28BE7E00AA9977 /* Build configuration list for PBXProject "MAD9112 Final Project" */;
			compatibilityVersion = "Xcode 14.0";
			developmentRegion = en;
			hasScannedForEncodings = 0;
			knownRegions = (
				en,
				Base,
			);
			mainGroup = 4038D5932B28BE7E00AA9977;
			productRefGroup = 4038D59D2B28BE7E00AA9977 /* Products */;
			projectDirPath = "";
			projectRoot = "";
			targets = (
				4038D59B2B28BE7E00AA9977 /* MAD9112 Final Project */,
				4038D5AB2B28BE7F00AA9977 /* MAD9112 Final ProjectTests */,
				4038D5B52B28BE7F00AA9977 /* MAD9112 Final ProjectUITests */,
			);
		};
/* End PBXProject section */

/* Begin PBXResourcesBuildPhase section */
		4038D59A2B28BE7E00AA9977 /* Resources */ = {
			isa = PBXResourcesBuildPhase;
			buildActionMask = 2147483647;
			files = (
				4038D5A72B28BE7F00AA9977 /* Preview Assets.xcassets in Resources */,
				4038D5A42B28BE7F00AA9977 /* Assets.xcassets in Resources */,
			);
			runOnlyForDeploymentPostprocessing = 0;
		};
		4038D5AA2B28BE7F00AA9977 /* Resources */ = {
			isa = PBXResourcesBuildPhase;
			buildActionMask = 2147483647;
			files = (
			);
			runOnlyForDeploymentPostprocessing = 0;
		};
		4038D5B42B28BE7F00AA9977 /* Resources */ = {
			isa = PBXResourcesBuildPhase;
			buildActionMask = 2147483647;
			files = (
			);
			runOnlyForDeploymentPostprocessing = 0;
		};
/* End PBXResourcesBuildPhase section */

/* Begin PBXSourcesBuildPhase section */
		4038D5982B28BE7E00AA9977 /* Sources */ = {
			isa = PBXSourcesBuildPhase;
			buildActionMask = 2147483647;
			files = (
				4038D5A22B28BE7E00AA9977 /* ContentView.swift in Sources */,
				4038D5A02B28BE7E00AA9977 /* MAD9112_Final_ProjectApp.swift in Sources */,
			);
			runOnlyForDeploymentPostprocessing = 0;
		};
		4038D5A82B28BE7F00AA9977 /* Sources */ = {
			isa = PBXSourcesBuildPhase;
			buildActionMask = 2147483647;
			files = (
				4038D5B12B28BE7F00AA9977 /* MAD9112_Final_ProjectTests.swift in Sources */,
			);
			runOnlyForDeploymentPostprocessing = 0;
		};
		4038D5B22B28BE7F00AA9977 /* Sources */ = {
			isa = PBXSourcesBuildPhase;
			buildActionMask = 2147483647;
			files = (
				4038D5BB2B28BE7F00AA9977 /* MAD9112_Final_ProjectUITests.swift in Sources */,
				4038D5BD2B28BE7F00AA9977 /* MAD9112_Final_ProjectUITestsLaunchTests.swift in Sources */,
			);
			runOnlyForDeploymentPostprocessing = 0;
		};
/* End PBXSourcesBuildPhase section */

/* Begin PBXTargetDependency section */
		4038D5AE2B28BE7F00AA9977 /* PBXTargetDependency */ = {
			isa = PBXTargetDependency;
			target = 4038D59B2B28BE7E00AA9977 /* MAD9112 Final Project */;
			targetProxy = 4038D5AD2B28BE7F00AA9977 /* PBXContainerItemProxy */;
		};
		4038D5B82B28BE7F00AA9977 /* PBXTargetDependency */ = {
			isa = PBXTargetDependency;
			target = 4038D59B2B28BE7E00AA9977 /* MAD9112 Final Project */;
			targetProxy = 4038D5B72B28BE7F00AA9977 /* PBXContainerItemProxy */;
		};
/* End PBXTargetDependency section */

/* Begin XCBuildConfiguration section */
		4038D5BE2B28BE7F00AA9977 /* Debug */ = {
			isa = XCBuildConfiguration;
			buildSettings = {
				ALWAYS_SEARCH_USER_PATHS = NO;
				ASSETCATALOG_COMPILER_GENERATE_SWIFT_ASSET_SYMBOL_EXTENSIONS = YES;
				CLANG_ANALYZER_NONNULL = YES;
				CLANG_ANALYZER_NUMBER_OBJECT_CONVERSION = YES_AGGRESSIVE;
				CLANG_CXX_LANGUAGE_STANDARD = "gnu++20";
				CLANG_ENABLE_MODULES = YES;
				CLANG_ENABLE_OBJC_ARC = YES;
				CLANG_ENABLE_OBJC_WEAK = YES;
				CLANG_WARN_BLOCK_CAPTURE_AUTORELEASING = YES;
				CLANG_WARN_BOOL_CONVERSION = YES;
				CLANG_WARN_COMMA = YES;
				CLANG_WARN_CONSTANT_CONVERSION = YES;
				CLANG_WARN_DEPRECATED_OBJC_IMPLEMENTATIONS = YES;
				CLANG_WARN_DIRECT_OBJC_ISA_USAGE = YES_ERROR;
				CLANG_WARN_DOCUMENTATION_COMMENTS = YES;
				CLANG_WARN_EMPTY_BODY = YES;
				CLANG_WARN_ENUM_CONVERSION = YES;
				CLANG_WARN_INFINITE_RECURSION = YES;
				CLANG_WARN_INT_CONVERSION = YES;
				CLANG_WARN_NON_LITERAL_NULL_CONVERSION = YES;
				CLANG_WARN_OBJC_IMPLICIT_RETAIN_SELF = YES;
				CLANG_WARN_OBJC_LITERAL_CONVERSION = YES;
				CLANG_WARN_OBJC_ROOT_CLASS = YES_ERROR;
				CLANG_WARN_QUOTED_INCLUDE_IN_FRAMEWORK_HEADER = YES;
				CLANG_WARN_RANGE_LOOP_ANALYSIS = YES;
				CLANG_WARN_STRICT_PROTOTYPES = YES;
				CLANG_WARN_SUSPICIOUS_MOVE = YES;
				CLANG_WARN_UNGUARDED_AVAILABILITY = YES_AGGRESSIVE;
				CLANG_WARN_UNREACHABLE_CODE = YES;
				CLANG_WARN__DUPLICATE_METHOD_MATCH = YES;
				COPY_PHASE_STRIP = NO;
				DEBUG_INFORMATION_FORMAT = dwarf;
				ENABLE_STRICT_OBJC_MSGSEND = YES;
				ENABLE_TESTABILITY = YES;
				ENABLE_USER_SCRIPT_SANDBOXING = YES;
				GCC_C_LANGUAGE_STANDARD = gnu17;
				GCC_DYNAMIC_NO_PIC = NO;
				GCC_NO_COMMON_BLOCKS = YES;
				GCC_OPTIMIZATION_LEVEL = 0;
				GCC_PREPROCESSOR_DEFINITIONS = (
					"DEBUG=1",
					"$(inherited)",
				);
				GCC_WARN_64_TO_32_BIT_CONVERSION = YES;
				GCC_WARN_ABOUT_RETURN_TYPE = YES_ERROR;
				GCC_WARN_UNDECLARED_SELECTOR = YES;
				GCC_WARN_UNINITIALIZED_AUTOS = YES_AGGRESSIVE;
				GCC_WARN_UNUSED_FUNCTION = YES;
				GCC_WARN_UNUSED_VARIABLE = YES;
				IPHONEOS_DEPLOYMENT_TARGET = 17.0;
				LOCALIZATION_PREFERS_STRING_CATALOGS = YES;
				MTL_ENABLE_DEBUG_INFO = INCLUDE_SOURCE;
				MTL_FAST_MATH = YES;
				ONLY_ACTIVE_ARCH = YES;
				SDKROOT = iphoneos;
				SWIFT_ACTIVE_COMPILATION_CONDITIONS = "DEBUG $(inherited)";
				SWIFT_OPTIMIZATION_LEVEL = "-Onone";
			};
			name = Debug;
		};
		4038D5BF2B28BE7F00AA9977 /* Release */ = {
			isa = XCBuildConfiguration;
			buildSettings = {
				ALWAYS_SEARCH_USER_PATHS = NO;
				ASSETCATALOG_COMPILER_GENERATE_SWIFT_ASSET_SYMBOL_EXTENSIONS = YES;
				CLANG_ANALYZER_NONNULL = YES;
				CLANG_ANALYZER_NUMBER_OBJECT_CONVERSION = YES_AGGRESSIVE;
				CLANG_CXX_LANGUAGE_STANDARD = "gnu++20";
				CLANG_ENABLE_MODULES = YES;
				CLANG_ENABLE_OBJC_ARC = YES;
				CLANG_ENABLE_OBJC_WEAK = YES;
				CLANG_WARN_BLOCK_CAPTURE_AUTORELEASING = YES;
				CLANG_WARN_BOOL_CONVERSION = YES;
				CLANG_WARN_COMMA = YES;
				CLANG_WARN_CONSTANT_CONVERSION = YES;
				CLANG_WARN_DEPRECATED_OBJC_IMPLEMENTATIONS = YES;
				CLANG_WARN_DIRECT_OBJC_ISA_USAGE = YES_ERROR;
				CLANG_WARN_DOCUMENTATION_COMMENTS = YES;
				CLANG_WARN_EMPTY_BODY = YES;
				CLANG_WARN_ENUM_CONVERSION = YES;
				CLANG_WARN_INFINITE_RECURSION = YES;
				CLANG_WARN_INT_CONVERSION = YES;
				CLANG_WARN_NON_LITERAL_NULL_CONVERSION = YES;
				CLANG_WARN_OBJC_IMPLICIT_RETAIN_SELF = YES;
				CLANG_WARN_OBJC_LITERAL_CONVERSION = YES;
				CLANG_WARN_OBJC_ROOT_CLASS = YES_ERROR;
				CLANG_WARN_QUOTED_INCLUDE_IN_FRAMEWORK_HEADER = YES;
				CLANG_WARN_RANGE_LOOP_ANALYSIS = YES;
				CLANG_WARN_STRICT_PROTOTYPES = YES;
				CLANG_WARN_SUSPICIOUS_MOVE = YES;
				CLANG_WARN_UNGUARDED_AVAILABILITY = YES_AGGRESSIVE;
				CLANG_WARN_UNREACHABLE_CODE = YES;
				CLANG_WARN__DUPLICATE_METHOD_MATCH = YES;
				COPY_PHASE_STRIP = NO;
				DEBUG_INFORMATION_FORMAT = "dwarf-with-dsym";
				ENABLE_NS_ASSERTIONS = NO;
				ENABLE_STRICT_OBJC_MSGSEND = YES;
				ENABLE_USER_SCRIPT_SANDBOXING = YES;
				GCC_C_LANGUAGE_STANDARD = gnu17;
				GCC_NO_COMMON_BLOCKS = YES;
				GCC_WARN_64_TO_32_BIT_CONVERSION = YES;
				GCC_WARN_ABOUT_RETURN_TYPE = YES_ERROR;
				GCC_WARN_UNDECLARED_SELECTOR = YES;
				GCC_WARN_UNINITIALIZED_AUTOS = YES_AGGRESSIVE;
				GCC_WARN_UNUSED_FUNCTION = YES;
				GCC_WARN_UNUSED_VARIABLE = YES;
				IPHONEOS_DEPLOYMENT_TARGET = 17.0;
				LOCALIZATION_PREFERS_STRING_CATALOGS = YES;
				MTL_ENABLE_DEBUG_INFO = NO;
				MTL_FAST_MATH = YES;
				SDKROOT = iphoneos;
				SWIFT_COMPILATION_MODE = wholemodule;
				VALIDATE_PRODUCT = YES;
			};
			name = Release;
		};
		4038D5C12B28BE7F00AA9977 /* Debug */ = {
			isa = XCBuildConfiguration;
			buildSettings = {
				ASSETCATALOG_COMPILER_APPICON_NAME = AppIcon;
				ASSETCATALOG_COMPILER_GLOBAL_ACCENT_COLOR_NAME = AccentColor;
				CODE_SIGN_STYLE = Automatic;
				CURRENT_PROJECT_VERSION = 1;
				DEVELOPMENT_ASSET_PATHS = "\"MAD9112 Final Project/Preview Content\"";
				DEVELOPMENT_TEAM = V94L67MHG8;
				ENABLE_PREVIEWS = YES;
				GENERATE_INFOPLIST_FILE = YES;
				INFOPLIST_KEY_UIApplicationSceneManifest_Generation = YES;
				INFOPLIST_KEY_UIApplicationSupportsIndirectInputEvents = YES;
				INFOPLIST_KEY_UILaunchScreen_Generation = YES;
				INFOPLIST_KEY_UISupportedInterfaceOrientations_iPad = "UIInterfaceOrientationPortrait UIInterfaceOrientationPortraitUpsideDown UIInterfaceOrientationLandscapeLeft UIInterfaceOrientationLandscapeRight";
				INFOPLIST_KEY_UISupportedInterfaceOrientations_iPhone = "UIInterfaceOrientationPortrait UIInterfaceOrientationLandscapeLeft UIInterfaceOrientationLandscapeRight";
				LD_RUNPATH_SEARCH_PATHS = (
					"$(inherited)",
					"@executable_path/Frameworks",
				);
				MARKETING_VERSION = 1.0;
				PRODUCT_BUNDLE_IDENTIFIER = "MAD9112.MAD9112-Final-Project";
				PRODUCT_NAME = "$(TARGET_NAME)";
				SWIFT_EMIT_LOC_STRINGS = YES;
				SWIFT_VERSION = 5.0;
				TARGETED_DEVICE_FAMILY = "1,2";
			};
			name = Debug;
		};
		4038D5C22B28BE7F00AA9977 /* Release */ = {
			isa = XCBuildConfiguration;
			buildSettings = {
				ASSETCATALOG_COMPILER_APPICON_NAME = AppIcon;
				ASSETCATALOG_COMPILER_GLOBAL_ACCENT_COLOR_NAME = AccentColor;
				CODE_SIGN_STYLE = Automatic;
				CURRENT_PROJECT_VERSION = 1;
				DEVELOPMENT_ASSET_PATHS = "\"MAD9112 Final Project/Preview Content\"";
				DEVELOPMENT_TEAM = V94L67MHG8;
				ENABLE_PREVIEWS = YES;
				GENERATE_INFOPLIST_FILE = YES;
				INFOPLIST_KEY_UIApplicationSceneManifest_Generation = YES;
				INFOPLIST_KEY_UIApplicationSupportsIndirectInputEvents = YES;
				INFOPLIST_KEY_UILaunchScreen_Generation = YES;
				INFOPLIST_KEY_UISupportedInterfaceOrientations_iPad = "UIInterfaceOrientationPortrait UIInterfaceOrientationPortraitUpsideDown UIInterfaceOrientationLandscapeLeft UIInterfaceOrientationLandscapeRight";
				INFOPLIST_KEY_UISupportedInterfaceOrientations_iPhone = "UIInterfaceOrientationPortrait UIInterfaceOrientationLandscapeLeft UIInterfaceOrientationLandscapeRight";
				LD_RUNPATH_SEARCH_PATHS = (
					"$(inherited)",
					"@executable_path/Frameworks",
				);
				MARKETING_VERSION = 1.0;
				PRODUCT_BUNDLE_IDENTIFIER = "MAD9112.MAD9112-Final-Project";
				PRODUCT_NAME = "$(TARGET_NAME)";
				SWIFT_EMIT_LOC_STRINGS = YES;
				SWIFT_VERSION = 5.0;
				TARGETED_DEVICE_FAMILY = "1,2";
			};
			name = Release;
		};
		4038D5C42B28BE7F00AA9977 /* Debug */ = {
			isa = XCBuildConfiguration;
			buildSettings = {
				ALWAYS_EMBED_SWIFT_STANDARD_LIBRARIES = YES;
				BUNDLE_LOADER = "$(TEST_HOST)";
				CODE_SIGN_STYLE = Automatic;
				CURRENT_PROJECT_VERSION = 1;
				DEVELOPMENT_TEAM = V94L67MHG8;
				GENERATE_INFOPLIST_FILE = YES;
				IPHONEOS_DEPLOYMENT_TARGET = 17.0;
				MARKETING_VERSION = 1.0;
				PRODUCT_BUNDLE_IDENTIFIER = "MAD9112.MAD9112-Final-ProjectTests";
				PRODUCT_NAME = "$(TARGET_NAME)";
				SWIFT_EMIT_LOC_STRINGS = NO;
				SWIFT_VERSION = 5.0;
				TARGETED_DEVICE_FAMILY = "1,2";
				TEST_HOST = "$(BUILT_PRODUCTS_DIR)/MAD9112 Final Project.app/$(BUNDLE_EXECUTABLE_FOLDER_PATH)/MAD9112 Final Project";
			};
			name = Debug;
		};
		4038D5C52B28BE7F00AA9977 /* Release */ = {
			isa = XCBuildConfiguration;
			buildSettings = {
				ALWAYS_EMBED_SWIFT_STANDARD_LIBRARIES = YES;
				BUNDLE_LOADER = "$(TEST_HOST)";
				CODE_SIGN_STYLE = Automatic;
				CURRENT_PROJECT_VERSION = 1;
				DEVELOPMENT_TEAM = V94L67MHG8;
				GENERATE_INFOPLIST_FILE = YES;
				IPHONEOS_DEPLOYMENT_TARGET = 17.0;
				MARKETING_VERSION = 1.0;
				PRODUCT_BUNDLE_IDENTIFIER = "MAD9112.MAD9112-Final-ProjectTests";
				PRODUCT_NAME = "$(TARGET_NAME)";
				SWIFT_EMIT_LOC_STRINGS = NO;
				SWIFT_VERSION = 5.0;
				TARGETED_DEVICE_FAMILY = "1,2";
				TEST_HOST = "$(BUILT_PRODUCTS_DIR)/MAD9112 Final Project.app/$(BUNDLE_EXECUTABLE_FOLDER_PATH)/MAD9112 Final Project";
			};
			name = Release;
		};
		4038D5C72B28BE7F00AA9977 /* Debug */ = {
			isa = XCBuildConfiguration;
			buildSettings = {
				ALWAYS_EMBED_SWIFT_STANDARD_LIBRARIES = YES;
				CODE_SIGN_STYLE = Automatic;
				CURRENT_PROJECT_VERSION = 1;
				DEVELOPMENT_TEAM = V94L67MHG8;
				GENERATE_INFOPLIST_FILE = YES;
				MARKETING_VERSION = 1.0;
				PRODUCT_BUNDLE_IDENTIFIER = "MAD9112.MAD9112-Final-ProjectUITests";
				PRODUCT_NAME = "$(TARGET_NAME)";
				SWIFT_EMIT_LOC_STRINGS = NO;
				SWIFT_VERSION = 5.0;
				TARGETED_DEVICE_FAMILY = "1,2";
				TEST_TARGET_NAME = "MAD9112 Final Project";
			};
			name = Debug;
		};
		4038D5C82B28BE7F00AA9977 /* Release */ = {
			isa = XCBuildConfiguration;
			buildSettings = {
				ALWAYS_EMBED_SWIFT_STANDARD_LIBRARIES = YES;
				CODE_SIGN_STYLE = Automatic;
				CURRENT_PROJECT_VERSION = 1;
				DEVELOPMENT_TEAM = V94L67MHG8;
				GENERATE_INFOPLIST_FILE = YES;
				MARKETING_VERSION = 1.0;
				PRODUCT_BUNDLE_IDENTIFIER = "MAD9112.MAD9112-Final-ProjectUITests";
				PRODUCT_NAME = "$(TARGET_NAME)";
				SWIFT_EMIT_LOC_STRINGS = NO;
				SWIFT_VERSION = 5.0;
				TARGETED_DEVICE_FAMILY = "1,2";
				TEST_TARGET_NAME = "MAD9112 Final Project";
			};
			name = Release;
		};
/* End XCBuildConfiguration section */

/* Begin XCConfigurationList section */
		4038D5972B28BE7E00AA9977 /* Build configuration list for PBXProject "MAD9112 Final Project" */ = {
			isa = XCConfigurationList;
			buildConfigurations = (
				4038D5BE2B28BE7F00AA9977 /* Debug */,
				4038D5BF2B28BE7F00AA9977 /* Release */,
			);
			defaultConfigurationIsVisible = 0;
			defaultConfigurationName = Release;
		};
		4038D5C02B28BE7F00AA9977 /* Build configuration list for PBXNativeTarget "MAD9112 Final Project" */ = {
			isa = XCConfigurationList;
			buildConfigurations = (
				4038D5C12B28BE7F00AA9977 /* Debug */,
				4038D5C22B28BE7F00AA9977 /* Release */,
			);
			defaultConfigurationIsVisible = 0;
			defaultConfigurationName = Release;
		};
		4038D5C32B28BE7F00AA9977 /* Build configuration list for PBXNativeTarget "MAD9112 Final ProjectTests" */ = {
			isa = XCConfigurationList;
			buildConfigurations = (
				4038D5C42B28BE7F00AA9977 /* Debug */,
				4038D5C52B28BE7F00AA9977 /* Release */,
			);
			defaultConfigurationIsVisible = 0;
			defaultConfigurationName = Release;
		};
		4038D5C62B28BE7F00AA9977 /* Build configuration list for PBXNativeTarget "MAD9112 Final ProjectUITests" */ = {
			isa = XCConfigurationList;
			buildConfigurations = (
				4038D5C72B28BE7F00AA9977 /* Debug */,
				4038D5C82B28BE7F00AA9977 /* Release */,
			);
			defaultConfigurationIsVisible = 0;
			defaultConfigurationName = Release;
		};
/* End XCConfigurationList section */
	};
	rootObject = 4038D5942B28BE7E00AA9977 /* Project object */;
}
